
Microsoft Visual Studio Solution File, Format Version 12.00
# Visual Studio Version 16
VisualStudioVersion = 16.0.30611.23
MinimumVisualStudioVersion = 10.0.40219.1
Project("{FAE04EC0-301F-11D3-BF4B-00C04F79EFBC}") = "AzFunations", "AzFunations.csproj", "{A8A0CBCF-6601-4FA6-AD69-F5E0133352CF}"
EndProject
Global
	GlobalSection(SolutionConfigurationPlatforms) = preSolution
		Debug|Any CPU = Debug|Any CPU
		Release|Any CPU = Release|Any CPU
	EndGlobalSection
	GlobalSection(ProjectConfigurationPlatforms) = postSolution
		{A8A0CBCF-6601-4FA6-AD69-F5E0133352CF}.Debug|Any CPU.ActiveCfg = Debug|Any CPU
		{A8A0CBCF-6601-4FA6-AD69-F5E0133352CF}.Debug|Any CPU.Build.0 = Debug|Any CPU
		{A8A0CBCF-6601-4FA6-AD69-F5E0133352CF}.Release|Any CPU.ActiveCfg = Release|Any CPU
		{A8A0CBCF-6601-4FA6-AD69-F5E0133352CF}.Release|Any CPU.Build.0 = Release|Any CPU
	EndGlobalSection
	GlobalSection(SolutionProperties) = preSolution
		HideSolutionNode = FALSE
	EndGlobalSection
	GlobalSection(ExtensibilityGlobals) = postSolution
		SolutionGuid = {1B4C6806-C376-4725-A59E-81E669F120E6}
	EndGlobalSection
EndGlobal
